
Microsoft Visual Studio Solution File, Format Version 12.00
# Visual Studio Version 17
VisualStudioVersion = 17.0.31912.275
MinimumVisualStudioVersion = 10.0.40219.1
Project("{FAE04EC0-301F-11D3-BF4B-00C04F79EFBC}") = "Practicum", "Practicum\Practicum.csproj", "{D99CC42C-6662-4F30-BB93-B639A02DB45B}"
EndProject
Global
	GlobalSection(SolutionConfigurationPlatforms) = preSolution
		Debug|Any CPU = Debug|Any CPU
		Release|Any CPU = Release|Any CPU
	EndGlobalSection
	GlobalSection(ProjectConfigurationPlatforms) = postSolution
		{D99CC42C-6662-4F30-BB93-B639A02DB45B}.Debug|Any CPU.ActiveCfg = Debug|Any CPU
		{D99CC42C-6662-4F30-BB93-B639A02DB45B}.Debug|Any CPU.Build.0 = Debug|Any CPU
		{D99CC42C-6662-4F30-BB93-B639A02DB45B}.Release|Any CPU.ActiveCfg = Release|Any CPU
		{D99CC42C-6662-4F30-BB93-B639A02DB45B}.Release|Any CPU.Build.0 = Release|Any CPU
	EndGlobalSection
	GlobalSection(SolutionProperties) = preSolution
		HideSolutionNode = FALSE
	EndGlobalSection
	GlobalSection(ExtensibilityGlobals) = postSolution
		SolutionGuid = {B61B2992-10FD-41A0-991C-617AC84EDB2A}
	EndGlobalSection
EndGlobal
